
Microsoft Visual Studio Solution File, Format Version 12.00
# Visual Studio Version 17
VisualStudioVersion = 17.9.34622.214
MinimumVisualStudioVersion = 10.0.40219.1
Project("{FAE04EC0-301F-11D3-BF4B-00C04F79EFBC}") = "NeLjutiSeCovece", "NeLjutiSeCovece\NeLjutiSeCovece.csproj", "{8806D77E-C58B-43F9-8B24-691E3785098A}"
EndProject
Global
	GlobalSection(SolutionConfigurationPlatforms) = preSolution
		Debug|Any CPU = Debug|Any CPU
		Release|Any CPU = Release|Any CPU
	EndGlobalSection
	GlobalSection(ProjectConfigurationPlatforms) = postSolution
		{8806D77E-C58B-43F9-8B24-691E3785098A}.Debug|Any CPU.ActiveCfg = Debug|Any CPU
		{8806D77E-C58B-43F9-8B24-691E3785098A}.Debug|Any CPU.Build.0 = Debug|Any CPU
		{8806D77E-C58B-43F9-8B24-691E3785098A}.Release|Any CPU.ActiveCfg = Release|Any CPU
		{8806D77E-C58B-43F9-8B24-691E3785098A}.Release|Any CPU.Build.0 = Release|Any CPU
	EndGlobalSection
	GlobalSection(SolutionProperties) = preSolution
		HideSolutionNode = FALSE
	EndGlobalSection
	GlobalSection(ExtensibilityGlobals) = postSolution
		SolutionGuid = {1267DFAE-9B78-451C-8B5A-57083CCF1171}
	EndGlobalSection
EndGlobal
